
Microsoft Visual Studio Solution File, Format Version 12.00
# Visual Studio Version 16
VisualStudioVersion = 16.0.30517.126
MinimumVisualStudioVersion = 10.0.40219.1
Project("{FAE04EC0-301F-11D3-BF4B-00C04F79EFBC}") = "HL Texture Tools", "HL Texture Tools\HL Texture Tools.csproj", "{1F22A6B1-34CE-4FB8-A522-AA7FA8EC9E7F}"
EndProject
Global
	GlobalSection(SolutionConfigurationPlatforms) = preSolution
		Debug|x86 = Debug|x86
		Release|x86 = Release|x86
	EndGlobalSection
	GlobalSection(ProjectConfigurationPlatforms) = postSolution
		{1F22A6B1-34CE-4FB8-A522-AA7FA8EC9E7F}.Debug|x86.ActiveCfg = Debug|x86
		{1F22A6B1-34CE-4FB8-A522-AA7FA8EC9E7F}.Debug|x86.Build.0 = Debug|x86
		{1F22A6B1-34CE-4FB8-A522-AA7FA8EC9E7F}.Release|x86.ActiveCfg = Release|x86
		{1F22A6B1-34CE-4FB8-A522-AA7FA8EC9E7F}.Release|x86.Build.0 = Release|x86
	EndGlobalSection
	GlobalSection(SolutionProperties) = preSolution
		HideSolutionNode = FALSE
	EndGlobalSection
	GlobalSection(ExtensibilityGlobals) = postSolution
		SolutionGuid = {15E6FC47-6D5A-4465-B84C-2624FFF926E4}
	EndGlobalSection
EndGlobal
